{
  "README.md:995620162": [
    [504, 6, 1, "Lint/Syntax: unexpected token tCOMMA\n(Using Ruby 2.3 parser; configure using `TargetRubyVersion` parameter, under `AllCops`)", 177545]
  ],
  "Rakefile:687725157": [
    [8, 3, 30, "Style/MethodCallWithArgsParentheses: Use parentheses for method calls with arguments.", 2786900295],
    [9, 3, 16, "Style/MethodCallWithArgsParentheses: Use parentheses for method calls with arguments.", 850263259],
    [25, 1, 45, "Packaging/RequireRelativeHardcodingLib: Avoid using `require_relative` with relative path to lib. Use `require` with absolute path instead.", 204783322]
  ],
  "init.rb:3429808413": [
    [3, 9, 16, "Style/StringLiterals: Prefer double-quoted strings unless you need single quotes to avoid extra backslashes for escaping.", 29970817]
  ],
  "lib/sanitize_email.rb:3334182494": [
    [57, 5, 29, "ThreadSafety/ClassAndModuleAttributes: Avoid mutating class and module attributes.", 1399760671]
  ],
  "lib/sanitize_email/config.rb:393256477": [
    [13, 7, 21, "ThreadSafety/ClassAndModuleAttributes: Avoid mutating class and module attributes.", 622027168],
    [64, 5, 781, "Style/ClassMethodsDefinitions: Use `class << self` to define a class method.", 2938516222],
    [65, 13, 7, "ThreadSafety/InstanceVariableInClassMethod: Avoid instance variables in class methods.", 651502127],
    [70, 10, 7, "ThreadSafety/InstanceVariableInClassMethod: Avoid instance variables in class methods.", 651502127],
    [71, 9, 7, "ThreadSafety/InstanceVariableInClassMethod: Avoid instance variables in class methods.", 651502127],
    [75, 10, 7, "ThreadSafety/InstanceVariableInClassMethod: Avoid instance variables in class methods.", 651502127],
    [80, 9, 7, "ThreadSafety/InstanceVariableInClassMethod: Avoid instance variables in class methods.", 651502127],
    [80, 34, 7, "ThreadSafety/InstanceVariableInClassMethod: Avoid instance variables in class methods.", 651502127],
    [85, 5, 499, "Style/ClassMethodsDefinitions: Use `class << self` to define a class method.", 1704626160],
    [86, 17, 7, "ThreadSafety/InstanceVariableInClassMethod: Avoid instance variables in class methods.", 651502127],
    [94, 38, 7, "ThreadSafety/InstanceVariableInClassMethod: Avoid instance variables in class methods.", 651502127],
    [98, 5, 87, "Style/ClassMethodsDefinitions: Use `class << self` to define a class method.", 453471793],
    [99, 7, 7, "ThreadSafety/InstanceVariableInClassMethod: Avoid instance variables in class methods.", 651502127]
  ],
  "lib/sanitize_email/deprecation.rb:3676790890": [
    [11, 7, 35, "ThreadSafety/ClassAndModuleAttributes: Avoid mutating class and module attributes.", 3751377571]
  ],
  "lib/sanitize_email/mail_header_tools.rb:2279089378": [
    [9, 5, 525, "Style/ClassMethodsDefinitions: Use `class << self` to define a class method.", 2330016495],
    [24, 5, 87, "Style/ClassMethodsDefinitions: Use `class << self` to define a class method.", 2021386992],
    [28, 5, 256, "Style/ClassMethodsDefinitions: Use `class << self` to define a class method.", 4291940776],
    [36, 5, 156, "Style/ClassMethodsDefinitions: Use `class << self` to define a class method.", 1946428270],
    [41, 5, 877, "Style/ClassMethodsDefinitions: Use `class << self` to define a class method.", 2308558961],
    [65, 5, 233, "Style/ClassMethodsDefinitions: Use `class << self` to define a class method.", 2880787383],
    [73, 5, 386, "Style/ClassMethodsDefinitions: Use `class << self` to define a class method.", 1085137330]
  ],
  "spec/sanitize_email_spec.rb:4173540361": [
    [7, 3, 280, "RSpec/LeakyConstantDeclaration: Stub constant instead of declaring explicitly.", 1223327],
    [118, 15, 19, "RSpec/VariableName: Use snake_case for variable names.", 372347066],
    [127, 15, 19, "RSpec/VariableName: Use snake_case for variable names.", 372347066],
    [145, 15, 19, "RSpec/VariableName: Use snake_case for variable names.", 372347066],
    [157, 15, 19, "RSpec/VariableName: Use snake_case for variable names.", 372347066],
    [169, 15, 19, "RSpec/VariableName: Use snake_case for variable names.", 372347066],
    [181, 15, 19, "RSpec/VariableName: Use snake_case for variable names.", 372347066],
    [206, 11, 16, "RSpec/ContextWording: Context description should match /^when\\b/, /^with\\b/, or /^without\\b/.", 4266815955],
    [209, 16, 13, "RSpec/DescribedClass: Use `described_class` instead of `SanitizeEmail`.", 3134934046],
    [213, 18, 13, "RSpec/DescribedClass: Use `described_class` instead of `SanitizeEmail`.", 3134934046],
    [217, 16, 13, "RSpec/DescribedClass: Use `described_class` instead of `SanitizeEmail`.", 3134934046],
    [217, 40, 2, "RSpec/BeEq: Prefer `be` over `eq`.", 5860785],
    [223, 16, 13, "RSpec/DescribedClass: Use `described_class` instead of `SanitizeEmail`.", 3134934046],
    [227, 18, 13, "RSpec/DescribedClass: Use `described_class` instead of `SanitizeEmail`.", 3134934046],
    [231, 16, 13, "RSpec/DescribedClass: Use `described_class` instead of `SanitizeEmail`.", 3134934046],
    [231, 45, 2, "RSpec/BeEq: Prefer `be` over `eq`.", 5860785],
    [237, 18, 13, "RSpec/DescribedClass: Use `described_class` instead of `SanitizeEmail`.", 3134934046],
    [243, 18, 13, "RSpec/DescribedClass: Use `described_class` instead of `SanitizeEmail`.", 3134934046],
    [247, 13, 12, "RSpec/ContextWording: Context description should match /^when\\b/, /^with\\b/, or /^without\\b/.", 491923605],
    [253, 7, 44, "RSpec/MultipleExpectations: Example has too many expectations [3/1].", 1308784480],
    [259, 7, 31, "RSpec/MultipleExpectations: Example has too many expectations [2/1].", 3964658991],
    [268, 7, 19, "RSpec/MultipleExpectations: Example has too many expectations [9/1].", 2796689240],
    [283, 18, 13, "RSpec/DescribedClass: Use `described_class` instead of `SanitizeEmail`.", 3134934046],
    [287, 13, 10, "RSpec/ContextWording: Context description should match /^when\\b/, /^with\\b/, or /^without\\b/.", 3244891982],
    [293, 7, 44, "RSpec/MultipleExpectations: Example has too many expectations [3/1].", 1308784480],
    [299, 7, 31, "RSpec/MultipleExpectations: Example has too many expectations [2/1].", 3964658991],
    [308, 7, 14, "RSpec/MultipleExpectations: Example has too many expectations [3/1].", 2630471583],
    [314, 7, 17, "RSpec/MultipleExpectations: Example has too many expectations [3/1].", 514323045],
    [329, 7, 42, "RSpec/MultipleExpectations: Example has too many expectations [2/1].", 3776510226],
    [339, 13, 35, "RSpec/ContextWording: Context description should match /^when\\b/, /^with\\b/, or /^without\\b/.", 2433405780],
    [345, 7, 44, "RSpec/MultipleExpectations: Example has too many expectations [3/1].", 1308784480],
    [351, 7, 31, "RSpec/MultipleExpectations: Example has too many expectations [2/1].", 3964658991],
    [358, 7, 14, "RSpec/MultipleExpectations: Example has too many expectations [3/1].", 2630471583],
    [364, 7, 46, "RSpec/MultipleExpectations: Example has too many expectations [5/1].", 1591700420],
    [387, 7, 46, "RSpec/MultipleExpectations: Example has too many expectations [5/1].", 1177358143],
    [410, 7, 55, "RSpec/MultipleExpectations: Example has too many expectations [5/1].", 3522215174],
    [433, 7, 42, "RSpec/MultipleExpectations: Example has too many expectations [2/1].", 3776510226],
    [443, 13, 28, "RSpec/ContextWording: Context description should match /^when\\b/, /^with\\b/, or /^without\\b/.", 964539113],
    [460, 7, 44, "RSpec/MultipleExpectations: Example has too many expectations [3/1].", 1308784480],
    [466, 7, 31, "RSpec/MultipleExpectations: Example has too many expectations [2/1].", 3964658991],
    [478, 7, 57, "RSpec/MultipleExpectations: Example has too many expectations [2/1].", 3903999862],
    [483, 7, 30, "RSpec/MultipleExpectations: Example has too many expectations [2/1].", 3853297158],
    [501, 7, 38, "RSpec/MultipleExpectations: Example has too many expectations [3/1].", 55284112],
    [517, 7, 42, "RSpec/MultipleExpectations: Example has too many expectations [2/1].", 3776510226],
    [557, 7, 44, "RSpec/MultipleExpectations: Example has too many expectations [2/1].", 1308784480],
    [566, 7, 57, "RSpec/MultipleExpectations: Example has too many expectations [2/1].", 3903999862],
    [574, 13, 50, "RSpec/ContextWording: Context description should match /^when\\b/, /^with\\b/, or /^without\\b/.", 3488997509],
    [591, 7, 44, "RSpec/MultipleExpectations: Example has too many expectations [3/1].", 1308784480],
    [605, 7, 57, "RSpec/MultipleExpectations: Example has too many expectations [2/1].", 3903999862],
    [610, 7, 30, "RSpec/MultipleExpectations: Example has too many expectations [2/1].", 3853297158],
    [621, 7, 170, "RSpec/RepeatedExample: Don't repeat examples within an example group.", 982775935],
    [628, 7, 234, "RSpec/RepeatedExample: Don't repeat examples within an example group.", 4222897050],
    [636, 7, 42, "RSpec/MultipleExpectations: Example has too many expectations [2/1].", 3776510226],
    [657, 7, 19, "RSpec/MultipleExpectations: Example has too many expectations [8/1].", 3032080240],
    [671, 7, 22, "RSpec/MultipleExpectations: Example has too many expectations [8/1].", 3267814569],
    [690, 7, 60, "RSpec/NestedGroups: Maximum example group nesting exceeded [4/3].", 2965285760],
    [691, 9, 22, "RSpec/MultipleExpectations: Example has too many expectations [8/1].", 3267814569],
    [713, 7, 17, "RSpec/MultipleExpectations: Example has too many expectations [15/1].", 2729217909],
    [773, 7, 14, "RSpec/MultipleExpectations: Example has too many expectations [9/1].", 3862108402],
    [788, 7, 59, "RSpec/NestedGroups: Maximum example group nesting exceeded [4/3].", 2662855125],
    [789, 9, 14, "RSpec/MultipleExpectations: Example has too many expectations [9/1].", 3862108402],
    [812, 13, 16, "RSpec/ContextWording: Context description should match /^when\\b/, /^with\\b/, or /^without\\b/.", 1978044688],
    [813, 7, 14, "RSpec/NestedGroups: Maximum example group nesting exceeded [4/3].", 3059896108],
    [813, 15, 6, "RSpec/ContextWording: Context description should match /^when\\b/, /^with\\b/, or /^without\\b/.", 3149302003],
    [821, 9, 44, "RSpec/MultipleExpectations: Example has too many expectations [3/1].", 1308784480],
    [827, 9, 14, "RSpec/MultipleExpectations: Example has too many expectations [3/1].", 2630471583],
    [833, 9, 17, "RSpec/MultipleExpectations: Example has too many expectations [3/1].", 514323045],
    [849, 7, 15, "RSpec/NestedGroups: Maximum example group nesting exceeded [4/3].", 2727260359],
    [849, 15, 7, "RSpec/ContextWording: Context description should match /^when\\b/, /^with\\b/, or /^without\\b/.", 312814392],
    [857, 9, 44, "RSpec/MultipleExpectations: Example has too many expectations [3/1].", 1308784480],
    [863, 9, 49, "RSpec/MultipleExpectations: Example has too many expectations [6/1].", 2703328868],
    [882, 7, 13, "RSpec/NestedGroups: Maximum example group nesting exceeded [4/3].", 2695947121],
    [882, 15, 5, "RSpec/ContextWording: Context description should match /^when\\b/, /^with\\b/, or /^without\\b/.", 95220878],
    [883, 9, 33, "RSpec/NestedGroups: Maximum example group nesting exceeded [5/3].", 3220495026],
    [883, 17, 25, "RSpec/ContextWording: Context description should match /^when\\b/, /^with\\b/, or /^without\\b/.", 992293837],
    [891, 11, 44, "RSpec/MultipleExpectations: Example has too many expectations [3/1].", 1308784480],
    [897, 11, 14, "RSpec/MultipleExpectations: Example has too many expectations [6/1].", 2630471583],
    [916, 9, 34, "RSpec/NestedGroups: Maximum example group nesting exceeded [5/3].", 3483761479],
    [916, 17, 26, "RSpec/ContextWording: Context description should match /^when\\b/, /^with\\b/, or /^without\\b/.", 2491245272],
    [924, 11, 44, "RSpec/MultipleExpectations: Example has too many expectations [3/1].", 1308784480],
    [930, 11, 49, "RSpec/MultipleExpectations: Example has too many expectations [6/1].", 2703328868],
    [952, 11, 16, "RSpec/ContextWording: Context description should match /^when\\b/, /^with\\b/, or /^without\\b/.", 3540094847],
    [953, 13, 46, "RSpec/ContextWording: Context description should match /^when\\b/, /^with\\b/, or /^without\\b/.", 3417301734],
    [954, 7, 14, "RSpec/NestedGroups: Maximum example group nesting exceeded [4/3].", 3059896108],
    [954, 15, 6, "RSpec/ContextWording: Context description should match /^when\\b/, /^with\\b/, or /^without\\b/.", 3149302003],
    [969, 9, 44, "RSpec/MultipleExpectations: Example has too many expectations [3/1].", 1308784480],
    [975, 9, 31, "RSpec/MultipleExpectations: Example has too many expectations [2/1].", 3964658991],
    [985, 7, 15, "RSpec/NestedGroups: Maximum example group nesting exceeded [4/3].", 2727260359],
    [985, 15, 7, "RSpec/ContextWording: Context description should match /^when\\b/, /^with\\b/, or /^without\\b/.", 312814392],
    [994, 9, 33, "RSpec/MultipleExpectations: Example has too many expectations [2/1].", 1561266956],
    [1001, 9, 44, "RSpec/MultipleExpectations: Example has too many expectations [3/1].", 1308784480],
    [1007, 9, 31, "RSpec/MultipleExpectations: Example has too many expectations [2/1].", 3964658991],
    [1018, 13, 40, "RSpec/ContextWording: Context description should match /^when\\b/, /^with\\b/, or /^without\\b/.", 3350133791],
    [1019, 7, 14, "RSpec/NestedGroups: Maximum example group nesting exceeded [4/3].", 3059896108],
    [1019, 15, 6, "RSpec/ContextWording: Context description should match /^when\\b/, /^with\\b/, or /^without\\b/.", 3149302003],
    [1024, 9, 32, "RSpec/NestedGroups: Maximum example group nesting exceeded [5/3].", 2446127739],
    [1024, 17, 24, "RSpec/ContextWording: Context description should match /^when\\b/, /^with\\b/, or /^without\\b/.", 1251280420],
    [1035, 11, 44, "RSpec/MultipleExpectations: Example has too many expectations [3/1].", 1308784480],
    [1041, 11, 31, "RSpec/MultipleExpectations: Example has too many expectations [2/1].", 3964658991],
    [1051, 9, 36, "RSpec/NestedGroups: Maximum example group nesting exceeded [5/3].", 2654417422],
    [1051, 17, 28, "RSpec/ContextWording: Context description should match /^when\\b/, /^with\\b/, or /^without\\b/.", 3158470033],
    [1062, 11, 44, "RSpec/MultipleExpectations: Example has too many expectations [3/1].", 1308784480],
    [1068, 11, 31, "RSpec/MultipleExpectations: Example has too many expectations [2/1].", 3964658991],
    [1079, 7, 15, "RSpec/NestedGroups: Maximum example group nesting exceeded [4/3].", 2727260359],
    [1079, 15, 7, "RSpec/ContextWording: Context description should match /^when\\b/, /^with\\b/, or /^without\\b/.", 312814392],
    [1091, 9, 44, "RSpec/MultipleExpectations: Example has too many expectations [3/1].", 1308784480],
    [1097, 9, 31, "RSpec/MultipleExpectations: Example has too many expectations [2/1].", 3964658991],
    [1108, 13, 42, "RSpec/ContextWording: Context description should match /^when\\b/, /^with\\b/, or /^without\\b/.", 2088625065],
    [1109, 7, 14, "RSpec/NestedGroups: Maximum example group nesting exceeded [4/3].", 3059896108],
    [1109, 15, 6, "RSpec/ContextWording: Context description should match /^when\\b/, /^with\\b/, or /^without\\b/.", 3149302003],
    [1129, 9, 44, "RSpec/MultipleExpectations: Example has too many expectations [3/1].", 1308784480],
    [1135, 9, 31, "RSpec/MultipleExpectations: Example has too many expectations [2/1].", 3964658991],
    [1145, 7, 15, "RSpec/NestedGroups: Maximum example group nesting exceeded [4/3].", 2727260359],
    [1145, 15, 7, "RSpec/ContextWording: Context description should match /^when\\b/, /^with\\b/, or /^without\\b/.", 312814392],
    [1159, 9, 44, "RSpec/MultipleExpectations: Example has too many expectations [3/1].", 1308784480],
    [1165, 9, 31, "RSpec/MultipleExpectations: Example has too many expectations [2/1].", 3964658991],
    [1176, 13, 9, "RSpec/ContextWording: Context description should match /^when\\b/, /^with\\b/, or /^without\\b/.", 2402616528],
    [1177, 7, 17, "RSpec/NestedGroups: Maximum example group nesting exceeded [4/3].", 1968335926],
    [1177, 15, 9, "RSpec/ContextWording: Context description should match /^when\\b/, /^with\\b/, or /^without\\b/.", 1548243657],
    [1189, 9, 44, "RSpec/MultipleExpectations: Example has too many expectations [3/1].", 1308784480],
    [1195, 9, 23, "RSpec/MultipleExpectations: Example has too many expectations [2/1].", 564765716],
    [1200, 9, 41, "RSpec/MultipleExpectations: Example has too many expectations [2/1].", 3449400223],
    [1205, 9, 24, "RSpec/NestedGroups: Maximum example group nesting exceeded [5/3].", 1252366319],
    [1218, 11, 25, "RSpec/MultipleExpectations: Example has too many expectations [9/1].", 2034890136],
    [1241, 9, 23, "RSpec/NestedGroups: Maximum example group nesting exceeded [5/3].", 3239195755],
    [1255, 11, 25, "RSpec/MultipleExpectations: Example has too many expectations [9/1].", 2034890136],
    [1278, 7, 18, "RSpec/NestedGroups: Maximum example group nesting exceeded [4/3].", 2670365],
    [1278, 15, 10, "RSpec/ContextWording: Context description should match /^when\\b/, /^with\\b/, or /^without\\b/.", 80617602],
    [1290, 9, 44, "RSpec/MultipleExpectations: Example has too many expectations [3/1].", 1308784480],
    [1296, 9, 31, "RSpec/MultipleExpectations: Example has too many expectations [2/1].", 3964658991],
    [1301, 9, 49, "RSpec/MultipleExpectations: Example has too many expectations [2/1].", 2703328868],
    [1308, 13, 12, "RSpec/ContextWording: Context description should match /^when\\b/, /^with\\b/, or /^without\\b/.", 1788285844],
    [1312, 7, 29, "RSpec/NestedGroups: Maximum example group nesting exceeded [4/3].", 2484467444],
    [1312, 15, 21, "RSpec/ContextWording: Context description should match /^when\\b/, /^with\\b/, or /^without\\b/.", 2487855435],
    [1313, 9, 18, "RSpec/NestedGroups: Maximum example group nesting exceeded [5/3].", 2756695113],
    [1313, 17, 10, "RSpec/ContextWording: Context description should match /^when\\b/, /^with\\b/, or /^without\\b/.", 1621560150],
    [1319, 11, 44, "RSpec/MultipleExpectations: Example has too many expectations [4/1].", 1308784480],
    [1320, 63, 2, "RSpec/BeEq: Prefer `be` over `eq`.", 5860785],
    [1326, 11, 50, "RSpec/MultipleExpectations: Example has too many expectations [4/1].", 630326736],
    [1327, 63, 2, "RSpec/BeEq: Prefer `be` over `eq`.", 5860785],
    [1334, 9, 22, "RSpec/NestedGroups: Maximum example group nesting exceeded [5/3].", 4030819019],
    [1334, 17, 14, "RSpec/ContextWording: Context description should match /^when\\b/, /^with\\b/, or /^without\\b/.", 4209408980],
    [1342, 11, 44, "RSpec/MultipleExpectations: Example has too many expectations [4/1].", 1308784480],
    [1343, 63, 2, "RSpec/BeEq: Prefer `be` over `eq`.", 5860785],
    [1349, 11, 54, "RSpec/MultipleExpectations: Example has too many expectations [4/1].", 1338695762],
    [1350, 63, 2, "RSpec/BeEq: Prefer `be` over `eq`.", 5860785],
    [1358, 7, 31, "RSpec/NestedGroups: Maximum example group nesting exceeded [4/3].", 3799412900],
    [1358, 15, 23, "RSpec/ContextWording: Context description should match /^when\\b/, /^with\\b/, or /^without\\b/.", 512643995],
    [1367, 18, 13, "RSpec/DescribedClass: Use `described_class` instead of `SanitizeEmail`.", 3134934046],
    [1371, 18, 13, "RSpec/DescribedClass: Use `described_class` instead of `SanitizeEmail`.", 3134934046],
    [1371, 52, 13, "RSpec/DescribedClass: Use `described_class` instead of `SanitizeEmail`.", 3134934046],
    [1374, 9, 44, "RSpec/MultipleExpectations: Example has too many expectations [3/1].", 1308784480],
    [1385, 7, 25, "RSpec/NestedGroups: Maximum example group nesting exceeded [4/3].", 1049421877],
    [1385, 15, 17, "RSpec/ContextWording: Context description should match /^when\\b/, /^with\\b/, or /^without\\b/.", 1293766410],
    [1395, 9, 44, "RSpec/MultipleExpectations: Example has too many expectations [3/1].", 1308784480]
  ]
}
