{
  "README.md:4233850984": [
    [502, 6, 1, "Lint/Syntax: unexpected token tCOMMA\n(Using Ruby 2.3 parser; configure using `TargetRubyVersion` parameter, under `AllCops`)", 177545]
  ],
  "Rakefile:687725157": [
    [8, 3, 30, "Style/MethodCallWithArgsParentheses: Use parentheses for method calls with arguments.", 2786900295],
    [9, 3, 16, "Style/MethodCallWithArgsParentheses: Use parentheses for method calls with arguments.", 850263259],
    [25, 1, 45, "Packaging/RequireRelativeHardcodingLib: Avoid using `require_relative` with relative path to lib. Use `require` with absolute path instead.", 204783322]
  ],
  "init.rb:3429808413": [
    [3, 9, 16, "Style/StringLiterals: Prefer double-quoted strings unless you need single quotes to avoid extra backslashes for escaping.", 29970817]
  ],
  "lib/sanitize_email.rb:3334182494": [
    [57, 5, 29, "ThreadSafety/ClassAndModuleAttributes: Avoid mutating class and module attributes.", 1399760671]
  ],
  "lib/sanitize_email/config.rb:393256477": [
    [13, 7, 21, "ThreadSafety/ClassAndModuleAttributes: Avoid mutating class and module attributes.", 622027168],
    [64, 5, 781, "Style/ClassMethodsDefinitions: Use `class << self` to define a class method.", 2938516222],
    [65, 13, 7, "ThreadSafety/InstanceVariableInClassMethod: Avoid instance variables in class methods.", 651502127],
    [70, 10, 7, "ThreadSafety/InstanceVariableInClassMethod: Avoid instance variables in class methods.", 651502127],
    [71, 9, 7, "ThreadSafety/InstanceVariableInClassMethod: Avoid instance variables in class methods.", 651502127],
    [75, 10, 7, "ThreadSafety/InstanceVariableInClassMethod: Avoid instance variables in class methods.", 651502127],
    [80, 9, 7, "ThreadSafety/InstanceVariableInClassMethod: Avoid instance variables in class methods.", 651502127],
    [80, 34, 7, "ThreadSafety/InstanceVariableInClassMethod: Avoid instance variables in class methods.", 651502127],
    [85, 5, 499, "Style/ClassMethodsDefinitions: Use `class << self` to define a class method.", 1704626160],
    [86, 17, 7, "ThreadSafety/InstanceVariableInClassMethod: Avoid instance variables in class methods.", 651502127],
    [94, 38, 7, "ThreadSafety/InstanceVariableInClassMethod: Avoid instance variables in class methods.", 651502127],
    [98, 5, 87, "Style/ClassMethodsDefinitions: Use `class << self` to define a class method.", 453471793],
    [99, 7, 7, "ThreadSafety/InstanceVariableInClassMethod: Avoid instance variables in class methods.", 651502127]
  ],
  "lib/sanitize_email/deprecation.rb:3676790890": [
    [11, 7, 35, "ThreadSafety/ClassAndModuleAttributes: Avoid mutating class and module attributes.", 3751377571]
  ],
  "lib/sanitize_email/mail_header_tools.rb:2279089378": [
    [9, 5, 525, "Style/ClassMethodsDefinitions: Use `class << self` to define a class method.", 2330016495],
    [24, 5, 87, "Style/ClassMethodsDefinitions: Use `class << self` to define a class method.", 2021386992],
    [28, 5, 256, "Style/ClassMethodsDefinitions: Use `class << self` to define a class method.", 4291940776],
    [36, 5, 156, "Style/ClassMethodsDefinitions: Use `class << self` to define a class method.", 1946428270],
    [41, 5, 877, "Style/ClassMethodsDefinitions: Use `class << self` to define a class method.", 2308558961],
    [65, 5, 233, "Style/ClassMethodsDefinitions: Use `class << self` to define a class method.", 2880787383],
    [73, 5, 386, "Style/ClassMethodsDefinitions: Use `class << self` to define a class method.", 1085137330]
  ],
  "spec/sanitize_email_spec.rb:570700254": [
    [7, 3, 280, "RSpec/LeakyConstantDeclaration: Stub constant instead of declaring explicitly.", 1223327],
    [118, 15, 19, "RSpec/VariableName: Use snake_case for variable names.", 372347066],
    [127, 15, 19, "RSpec/VariableName: Use snake_case for variable names.", 372347066],
    [145, 15, 19, "RSpec/VariableName: Use snake_case for variable names.", 372347066],
    [157, 15, 19, "RSpec/VariableName: Use snake_case for variable names.", 372347066],
    [169, 15, 19, "RSpec/VariableName: Use snake_case for variable names.", 372347066],
    [181, 15, 19, "RSpec/VariableName: Use snake_case for variable names.", 372347066],
    [206, 11, 16, "RSpec/ContextWording: Context description should match /^when\\b/, /^with\\b/, or /^without\\b/.", 4266815955],
    [209, 16, 13, "RSpec/DescribedClass: Use `described_class` instead of `SanitizeEmail`.", 3134934046],
    [213, 18, 13, "RSpec/DescribedClass: Use `described_class` instead of `SanitizeEmail`.", 3134934046],
    [217, 16, 13, "RSpec/DescribedClass: Use `described_class` instead of `SanitizeEmail`.", 3134934046],
    [217, 40, 2, "RSpec/BeEq: Prefer `be` over `eq`.", 5860785],
    [223, 16, 13, "RSpec/DescribedClass: Use `described_class` instead of `SanitizeEmail`.", 3134934046],
    [227, 18, 13, "RSpec/DescribedClass: Use `described_class` instead of `SanitizeEmail`.", 3134934046],
    [231, 16, 13, "RSpec/DescribedClass: Use `described_class` instead of `SanitizeEmail`.", 3134934046],
    [231, 45, 2, "RSpec/BeEq: Prefer `be` over `eq`.", 5860785],
    [237, 18, 13, "RSpec/DescribedClass: Use `described_class` instead of `SanitizeEmail`.", 3134934046],
    [243, 18, 13, "RSpec/DescribedClass: Use `described_class` instead of `SanitizeEmail`.", 3134934046],
    [247, 13, 12, "RSpec/ContextWording: Context description should match /^when\\b/, /^with\\b/, or /^without\\b/.", 491923605],
    [253, 7, 44, "RSpec/MultipleExpectations: Example has too many expectations [3/1].", 1308784480],
    [259, 7, 31, "RSpec/MultipleExpectations: Example has too many expectations [2/1].", 3964658991],
    [259, 7, 250, "RSpec/ExampleLength: Example has too many lines. [6/5]", 245631994],
    [268, 7, 19, "RSpec/MultipleExpectations: Example has too many expectations [9/1].", 2796689240],
    [268, 7, 609, "RSpec/ExampleLength: Example has too many lines. [9/5]", 1530502617],
    [283, 18, 13, "RSpec/DescribedClass: Use `described_class` instead of `SanitizeEmail`.", 3134934046],
    [287, 13, 10, "RSpec/ContextWording: Context description should match /^when\\b/, /^with\\b/, or /^without\\b/.", 3244891982],
    [293, 7, 44, "RSpec/MultipleExpectations: Example has too many expectations [3/1].", 1308784480],
    [299, 7, 31, "RSpec/MultipleExpectations: Example has too many expectations [2/1].", 3964658991],
    [299, 7, 250, "RSpec/ExampleLength: Example has too many lines. [6/5]", 245631994],
    [308, 7, 14, "RSpec/MultipleExpectations: Example has too many expectations [3/1].", 2630471583],
    [314, 7, 17, "RSpec/MultipleExpectations: Example has too many expectations [3/1].", 514323045],
    [314, 7, 397, "RSpec/ExampleLength: Example has too many lines. [12/5]", 2442971902],
    [329, 7, 42, "RSpec/MultipleExpectations: Example has too many expectations [2/1].", 3776510226],
    [329, 7, 288, "RSpec/ExampleLength: Example has too many lines. [6/5]", 2257300066],
    [339, 13, 35, "RSpec/ContextWording: Context description should match /^when\\b/, /^with\\b/, or /^without\\b/.", 2433405780],
    [345, 7, 44, "RSpec/MultipleExpectations: Example has too many expectations [3/1].", 1308784480],
    [351, 7, 31, "RSpec/MultipleExpectations: Example has too many expectations [2/1].", 3964658991],
    [358, 7, 14, "RSpec/MultipleExpectations: Example has too many expectations [3/1].", 2630471583],
    [364, 7, 46, "RSpec/MultipleExpectations: Example has too many expectations [5/1].", 1591700420],
    [364, 7, 670, "RSpec/ExampleLength: Example has too many lines. [20/5]", 2334100751],
    [387, 7, 46, "RSpec/MultipleExpectations: Example has too many expectations [5/1].", 1177358143],
    [387, 7, 670, "RSpec/ExampleLength: Example has too many lines. [20/5]", 1638929140],
    [410, 7, 55, "RSpec/MultipleExpectations: Example has too many expectations [5/1].", 3522215174],
    [410, 7, 736, "RSpec/ExampleLength: Example has too many lines. [20/5]", 3284399531],
    [433, 7, 42, "RSpec/MultipleExpectations: Example has too many expectations [2/1].", 3776510226],
    [433, 7, 288, "RSpec/ExampleLength: Example has too many lines. [6/5]", 2257300066],
    [443, 13, 28, "RSpec/ContextWording: Context description should match /^when\\b/, /^with\\b/, or /^without\\b/.", 964539113],
    [460, 7, 44, "RSpec/MultipleExpectations: Example has too many expectations [3/1].", 1308784480],
    [466, 7, 31, "RSpec/MultipleExpectations: Example has too many expectations [2/1].", 3964658991],
    [478, 7, 57, "RSpec/MultipleExpectations: Example has too many expectations [2/1].", 3903999862],
    [483, 7, 30, "RSpec/MultipleExpectations: Example has too many expectations [2/1].", 3853297158],
    [483, 7, 279, "RSpec/ExampleLength: Example has too many lines. [8/5]", 4123717342],
    [501, 7, 38, "RSpec/MultipleExpectations: Example has too many expectations [3/1].", 55284112],
    [501, 7, 501, "RSpec/ExampleLength: Example has too many lines. [12/5]", 4230649177],
    [517, 7, 42, "RSpec/MultipleExpectations: Example has too many expectations [2/1].", 3776510226],
    [517, 7, 288, "RSpec/ExampleLength: Example has too many lines. [6/5]", 2257300066],
    [557, 7, 44, "RSpec/MultipleExpectations: Example has too many expectations [2/1].", 1308784480],
    [566, 7, 57, "RSpec/MultipleExpectations: Example has too many expectations [2/1].", 3903999862],
    [574, 13, 50, "RSpec/ContextWording: Context description should match /^when\\b/, /^with\\b/, or /^without\\b/.", 3488997509],
    [591, 7, 44, "RSpec/MultipleExpectations: Example has too many expectations [3/1].", 1308784480],
    [605, 7, 57, "RSpec/MultipleExpectations: Example has too many expectations [2/1].", 3903999862],
    [610, 7, 30, "RSpec/MultipleExpectations: Example has too many expectations [2/1].", 3853297158],
    [610, 7, 283, "RSpec/ExampleLength: Example has too many lines. [8/5]", 2727896319],
    [621, 7, 170, "RSpec/RepeatedExample: Don't repeat examples within an example group.", 982775935],
    [628, 7, 234, "RSpec/RepeatedExample: Don't repeat examples within an example group.", 4222897050],
    [636, 7, 42, "RSpec/MultipleExpectations: Example has too many expectations [2/1].", 3776510226],
    [636, 7, 287, "RSpec/ExampleLength: Example has too many lines. [6/5]", 1868238702],
    [657, 7, 19, "RSpec/MultipleExpectations: Example has too many expectations [8/1].", 3032080240],
    [657, 7, 608, "RSpec/ExampleLength: Example has too many lines. [11/5]", 4021278322],
    [671, 7, 22, "RSpec/MultipleExpectations: Example has too many expectations [8/1].", 3267814569],
    [671, 7, 802, "RSpec/ExampleLength: Example has too many lines. [16/5]", 3873702471],
    [690, 7, 60, "RSpec/NestedGroups: Maximum example group nesting exceeded [4/3].", 2965285760],
    [691, 9, 22, "RSpec/MultipleExpectations: Example has too many expectations [8/1].", 3267814569],
    [691, 9, 840, "RSpec/ExampleLength: Example has too many lines. [16/5]", 1898577487],
    [713, 7, 17, "RSpec/MultipleExpectations: Example has too many expectations [14/1].", 2729217909],
    [713, 7, 1511, "RSpec/ExampleLength: Example has too many lines. [37/5]", 273151377],
    [755, 7, 14, "RSpec/MultipleExpectations: Example has too many expectations [9/1].", 3862108402],
    [755, 7, 878, "RSpec/ExampleLength: Example has too many lines. [17/5]", 1532494883],
    [775, 7, 59, "RSpec/NestedGroups: Maximum example group nesting exceeded [4/3].", 2662855125],
    [776, 9, 14, "RSpec/MultipleExpectations: Example has too many expectations [9/1].", 3862108402],
    [776, 9, 953, "RSpec/ExampleLength: Example has too many lines. [18/5]", 3843570887],
    [799, 13, 16, "RSpec/ContextWording: Context description should match /^when\\b/, /^with\\b/, or /^without\\b/.", 1978044688],
    [800, 7, 14, "RSpec/NestedGroups: Maximum example group nesting exceeded [4/3].", 3059896108],
    [800, 15, 6, "RSpec/ContextWording: Context description should match /^when\\b/, /^with\\b/, or /^without\\b/.", 3149302003],
    [808, 9, 44, "RSpec/MultipleExpectations: Example has too many expectations [3/1].", 1308784480],
    [814, 9, 14, "RSpec/MultipleExpectations: Example has too many expectations [3/1].", 2630471583],
    [820, 9, 17, "RSpec/MultipleExpectations: Example has too many expectations [3/1].", 514323045],
    [820, 9, 423, "RSpec/ExampleLength: Example has too many lines. [12/5]", 865951230],
    [836, 7, 15, "RSpec/NestedGroups: Maximum example group nesting exceeded [4/3].", 2727260359],
    [836, 15, 7, "RSpec/ContextWording: Context description should match /^when\\b/, /^with\\b/, or /^without\\b/.", 312814392],
    [844, 9, 44, "RSpec/MultipleExpectations: Example has too many expectations [3/1].", 1308784480],
    [850, 9, 49, "RSpec/MultipleExpectations: Example has too many expectations [6/1].", 2703328868],
    [850, 9, 644, "RSpec/ExampleLength: Example has too many lines. [15/5]", 2306651973],
    [869, 7, 13, "RSpec/NestedGroups: Maximum example group nesting exceeded [4/3].", 2695947121],
    [869, 15, 5, "RSpec/ContextWording: Context description should match /^when\\b/, /^with\\b/, or /^without\\b/.", 95220878],
    [870, 9, 33, "RSpec/NestedGroups: Maximum example group nesting exceeded [5/3].", 3220495026],
    [870, 17, 25, "RSpec/ContextWording: Context description should match /^when\\b/, /^with\\b/, or /^without\\b/.", 992293837],
    [878, 11, 44, "RSpec/MultipleExpectations: Example has too many expectations [3/1].", 1308784480],
    [884, 11, 14, "RSpec/MultipleExpectations: Example has too many expectations [6/1].", 2630471583],
    [884, 11, 661, "RSpec/ExampleLength: Example has too many lines. [15/5]", 151639928],
    [903, 9, 34, "RSpec/NestedGroups: Maximum example group nesting exceeded [5/3].", 3483761479],
    [903, 17, 26, "RSpec/ContextWording: Context description should match /^when\\b/, /^with\\b/, or /^without\\b/.", 2491245272],
    [911, 11, 44, "RSpec/MultipleExpectations: Example has too many expectations [3/1].", 1308784480],
    [917, 11, 49, "RSpec/MultipleExpectations: Example has too many expectations [6/1].", 2703328868],
    [917, 11, 676, "RSpec/ExampleLength: Example has too many lines. [15/5]", 1883432005],
    [939, 11, 16, "RSpec/ContextWording: Context description should match /^when\\b/, /^with\\b/, or /^without\\b/.", 3540094847],
    [940, 13, 46, "RSpec/ContextWording: Context description should match /^when\\b/, /^with\\b/, or /^without\\b/.", 3417301734],
    [941, 7, 14, "RSpec/NestedGroups: Maximum example group nesting exceeded [4/3].", 3059896108],
    [941, 15, 6, "RSpec/ContextWording: Context description should match /^when\\b/, /^with\\b/, or /^without\\b/.", 3149302003],
    [956, 9, 44, "RSpec/MultipleExpectations: Example has too many expectations [3/1].", 1308784480],
    [962, 9, 31, "RSpec/MultipleExpectations: Example has too many expectations [2/1].", 3964658991],
    [962, 9, 264, "RSpec/ExampleLength: Example has too many lines. [6/5]", 505403802],
    [972, 7, 15, "RSpec/NestedGroups: Maximum example group nesting exceeded [4/3].", 2727260359],
    [972, 15, 7, "RSpec/ContextWording: Context description should match /^when\\b/, /^with\\b/, or /^without\\b/.", 312814392],
    [981, 9, 33, "RSpec/MultipleExpectations: Example has too many expectations [2/1].", 1561266956],
    [988, 9, 44, "RSpec/MultipleExpectations: Example has too many expectations [3/1].", 1308784480],
    [994, 9, 31, "RSpec/MultipleExpectations: Example has too many expectations [2/1].", 3964658991],
    [994, 9, 264, "RSpec/ExampleLength: Example has too many lines. [6/5]", 505403802],
    [1005, 13, 40, "RSpec/ContextWording: Context description should match /^when\\b/, /^with\\b/, or /^without\\b/.", 3350133791],
    [1006, 7, 14, "RSpec/NestedGroups: Maximum example group nesting exceeded [4/3].", 3059896108],
    [1006, 15, 6, "RSpec/ContextWording: Context description should match /^when\\b/, /^with\\b/, or /^without\\b/.", 3149302003],
    [1011, 9, 32, "RSpec/NestedGroups: Maximum example group nesting exceeded [5/3].", 2446127739],
    [1011, 17, 24, "RSpec/ContextWording: Context description should match /^when\\b/, /^with\\b/, or /^without\\b/.", 1251280420],
    [1022, 11, 44, "RSpec/MultipleExpectations: Example has too many expectations [3/1].", 1308784480],
    [1028, 11, 31, "RSpec/MultipleExpectations: Example has too many expectations [2/1].", 3964658991],
    [1028, 11, 278, "RSpec/ExampleLength: Example has too many lines. [6/5]", 3137650586],
    [1038, 9, 36, "RSpec/NestedGroups: Maximum example group nesting exceeded [5/3].", 2654417422],
    [1038, 17, 28, "RSpec/ContextWording: Context description should match /^when\\b/, /^with\\b/, or /^without\\b/.", 3158470033],
    [1049, 11, 44, "RSpec/MultipleExpectations: Example has too many expectations [3/1].", 1308784480],
    [1055, 11, 31, "RSpec/MultipleExpectations: Example has too many expectations [2/1].", 3964658991],
    [1055, 11, 278, "RSpec/ExampleLength: Example has too many lines. [6/5]", 3137650586],
    [1066, 7, 15, "RSpec/NestedGroups: Maximum example group nesting exceeded [4/3].", 2727260359],
    [1066, 15, 7, "RSpec/ContextWording: Context description should match /^when\\b/, /^with\\b/, or /^without\\b/.", 312814392],
    [1078, 9, 44, "RSpec/MultipleExpectations: Example has too many expectations [3/1].", 1308784480],
    [1084, 9, 31, "RSpec/MultipleExpectations: Example has too many expectations [2/1].", 3964658991],
    [1084, 9, 264, "RSpec/ExampleLength: Example has too many lines. [6/5]", 505403802],
    [1095, 13, 42, "RSpec/ContextWording: Context description should match /^when\\b/, /^with\\b/, or /^without\\b/.", 2088625065],
    [1096, 7, 14, "RSpec/NestedGroups: Maximum example group nesting exceeded [4/3].", 3059896108],
    [1096, 15, 6, "RSpec/ContextWording: Context description should match /^when\\b/, /^with\\b/, or /^without\\b/.", 3149302003],
    [1116, 9, 44, "RSpec/MultipleExpectations: Example has too many expectations [3/1].", 1308784480],
    [1122, 9, 31, "RSpec/MultipleExpectations: Example has too many expectations [2/1].", 3964658991],
    [1122, 9, 264, "RSpec/ExampleLength: Example has too many lines. [6/5]", 505403802],
    [1132, 7, 15, "RSpec/NestedGroups: Maximum example group nesting exceeded [4/3].", 2727260359],
    [1132, 15, 7, "RSpec/ContextWording: Context description should match /^when\\b/, /^with\\b/, or /^without\\b/.", 312814392],
    [1146, 9, 44, "RSpec/MultipleExpectations: Example has too many expectations [3/1].", 1308784480],
    [1152, 9, 31, "RSpec/MultipleExpectations: Example has too many expectations [2/1].", 3964658991],
    [1152, 9, 264, "RSpec/ExampleLength: Example has too many lines. [6/5]", 505403802],
    [1163, 13, 9, "RSpec/ContextWording: Context description should match /^when\\b/, /^with\\b/, or /^without\\b/.", 2402616528],
    [1164, 7, 17, "RSpec/NestedGroups: Maximum example group nesting exceeded [4/3].", 1968335926],
    [1164, 15, 9, "RSpec/ContextWording: Context description should match /^when\\b/, /^with\\b/, or /^without\\b/.", 1548243657],
    [1176, 9, 44, "RSpec/MultipleExpectations: Example has too many expectations [3/1].", 1308784480],
    [1182, 9, 23, "RSpec/MultipleExpectations: Example has too many expectations [2/1].", 564765716],
    [1187, 9, 41, "RSpec/MultipleExpectations: Example has too many expectations [2/1].", 3449400223],
    [1192, 9, 24, "RSpec/NestedGroups: Maximum example group nesting exceeded [5/3].", 1252366319],
    [1205, 11, 25, "RSpec/MultipleExpectations: Example has too many expectations [9/1].", 2034890136],
    [1205, 11, 1172, "RSpec/ExampleLength: Example has too many lines. [15/5]", 4279405416],
    [1228, 9, 23, "RSpec/NestedGroups: Maximum example group nesting exceeded [5/3].", 3239195755],
    [1242, 11, 25, "RSpec/MultipleExpectations: Example has too many expectations [9/1].", 2034890136],
    [1242, 11, 1090, "RSpec/ExampleLength: Example has too many lines. [15/5]", 3287951749],
    [1265, 7, 18, "RSpec/NestedGroups: Maximum example group nesting exceeded [4/3].", 2670365],
    [1265, 15, 10, "RSpec/ContextWording: Context description should match /^when\\b/, /^with\\b/, or /^without\\b/.", 80617602],
    [1277, 9, 44, "RSpec/MultipleExpectations: Example has too many expectations [3/1].", 1308784480],
    [1283, 9, 31, "RSpec/MultipleExpectations: Example has too many expectations [2/1].", 3964658991],
    [1288, 9, 49, "RSpec/MultipleExpectations: Example has too many expectations [2/1].", 2703328868],
    [1295, 13, 12, "RSpec/ContextWording: Context description should match /^when\\b/, /^with\\b/, or /^without\\b/.", 1788285844],
    [1299, 7, 29, "RSpec/NestedGroups: Maximum example group nesting exceeded [4/3].", 2484467444],
    [1299, 15, 21, "RSpec/ContextWording: Context description should match /^when\\b/, /^with\\b/, or /^without\\b/.", 2487855435],
    [1300, 9, 18, "RSpec/NestedGroups: Maximum example group nesting exceeded [5/3].", 2756695113],
    [1300, 17, 10, "RSpec/ContextWording: Context description should match /^when\\b/, /^with\\b/, or /^without\\b/.", 1621560150],
    [1306, 11, 44, "RSpec/MultipleExpectations: Example has too many expectations [4/1].", 1308784480],
    [1307, 63, 2, "RSpec/BeEq: Prefer `be` over `eq`.", 5860785],
    [1313, 11, 50, "RSpec/MultipleExpectations: Example has too many expectations [4/1].", 630326736],
    [1314, 63, 2, "RSpec/BeEq: Prefer `be` over `eq`.", 5860785],
    [1321, 9, 22, "RSpec/NestedGroups: Maximum example group nesting exceeded [5/3].", 4030819019],
    [1321, 17, 14, "RSpec/ContextWording: Context description should match /^when\\b/, /^with\\b/, or /^without\\b/.", 4209408980],
    [1329, 11, 44, "RSpec/MultipleExpectations: Example has too many expectations [4/1].", 1308784480],
    [1330, 63, 2, "RSpec/BeEq: Prefer `be` over `eq`.", 5860785],
    [1336, 11, 54, "RSpec/MultipleExpectations: Example has too many expectations [4/1].", 1338695762],
    [1337, 63, 2, "RSpec/BeEq: Prefer `be` over `eq`.", 5860785],
    [1345, 7, 31, "RSpec/NestedGroups: Maximum example group nesting exceeded [4/3].", 3799412900],
    [1345, 15, 23, "RSpec/ContextWording: Context description should match /^when\\b/, /^with\\b/, or /^without\\b/.", 512643995],
    [1354, 18, 13, "RSpec/DescribedClass: Use `described_class` instead of `SanitizeEmail`.", 3134934046],
    [1358, 18, 13, "RSpec/DescribedClass: Use `described_class` instead of `SanitizeEmail`.", 3134934046],
    [1358, 52, 13, "RSpec/DescribedClass: Use `described_class` instead of `SanitizeEmail`.", 3134934046],
    [1361, 9, 44, "RSpec/MultipleExpectations: Example has too many expectations [3/1].", 1308784480],
    [1372, 7, 25, "RSpec/NestedGroups: Maximum example group nesting exceeded [4/3].", 1049421877],
    [1372, 15, 17, "RSpec/ContextWording: Context description should match /^when\\b/, /^with\\b/, or /^without\\b/.", 1293766410],
    [1382, 9, 44, "RSpec/MultipleExpectations: Example has too many expectations [3/1].", 1308784480]
  ]
}
